
Microsoft Visual Studio Solution File, Format Version 12.00
# Visual Studio Version 17
VisualStudioVersion = 17.8.34330.188
MinimumVisualStudioVersion = 10.0.40219.1
Project("{2150E333-8FDC-42A3-9474-1A3956D46DE8}") = "src", "src", "{88388BB0-EC31-4F29-8D38-52BF1B853C1C}"
EndProject
Project("{9A19103F-16F7-4668-BE54-9A1E7A4F7556}") = "Booking.Application", "Booking.Application\Booking.Application.csproj", "{C1E184BD-69FD-4B67-85D7-503137A1E4EB}"
EndProject
Project("{9A19103F-16F7-4668-BE54-9A1E7A4F7556}") = "Booking.Domain", "Booking.Domain\Booking.Domain.csproj", "{4028DB9D-FD66-423E-ACB6-F11FD9D1DB33}"
EndProject
Project("{9A19103F-16F7-4668-BE54-9A1E7A4F7556}") = "Booking.Infrastrature", "Booking.Infrastrature\Booking.Infrastrature.csproj", "{A0E89547-DE91-445F-9164-352C752D6D74}"
EndProject
Project("{9A19103F-16F7-4668-BE54-9A1E7A4F7556}") = "Booking.API", "Booking.API\Booking.API.csproj", "{34ADA78C-04DD-4014-AC6D-82477D4C76E8}"
EndProject
Project("{FAE04EC0-301F-11D3-BF4B-00C04F79EFBC}") = "Booking.Shared", "Booking.Shared\Booking.Shared.csproj", "{408C9967-555B-4937-92B5-418F19AF29A1}"
EndProject
Global
	GlobalSection(SolutionConfigurationPlatforms) = preSolution
		Debug|Any CPU = Debug|Any CPU
		Release|Any CPU = Release|Any CPU
	EndGlobalSection
	GlobalSection(ProjectConfigurationPlatforms) = postSolution
		{C1E184BD-69FD-4B67-85D7-503137A1E4EB}.Debug|Any CPU.ActiveCfg = Debug|Any CPU
		{C1E184BD-69FD-4B67-85D7-503137A1E4EB}.Debug|Any CPU.Build.0 = Debug|Any CPU
		{C1E184BD-69FD-4B67-85D7-503137A1E4EB}.Release|Any CPU.ActiveCfg = Release|Any CPU
		{C1E184BD-69FD-4B67-85D7-503137A1E4EB}.Release|Any CPU.Build.0 = Release|Any CPU
		{4028DB9D-FD66-423E-ACB6-F11FD9D1DB33}.Debug|Any CPU.ActiveCfg = Debug|Any CPU
		{4028DB9D-FD66-423E-ACB6-F11FD9D1DB33}.Debug|Any CPU.Build.0 = Debug|Any CPU
		{4028DB9D-FD66-423E-ACB6-F11FD9D1DB33}.Release|Any CPU.ActiveCfg = Release|Any CPU
		{4028DB9D-FD66-423E-ACB6-F11FD9D1DB33}.Release|Any CPU.Build.0 = Release|Any CPU
		{A0E89547-DE91-445F-9164-352C752D6D74}.Debug|Any CPU.ActiveCfg = Debug|Any CPU
		{A0E89547-DE91-445F-9164-352C752D6D74}.Debug|Any CPU.Build.0 = Debug|Any CPU
		{A0E89547-DE91-445F-9164-352C752D6D74}.Release|Any CPU.ActiveCfg = Release|Any CPU
		{A0E89547-DE91-445F-9164-352C752D6D74}.Release|Any CPU.Build.0 = Release|Any CPU
		{34ADA78C-04DD-4014-AC6D-82477D4C76E8}.Debug|Any CPU.ActiveCfg = Debug|Any CPU
		{34ADA78C-04DD-4014-AC6D-82477D4C76E8}.Debug|Any CPU.Build.0 = Debug|Any CPU
		{34ADA78C-04DD-4014-AC6D-82477D4C76E8}.Release|Any CPU.ActiveCfg = Release|Any CPU
		{34ADA78C-04DD-4014-AC6D-82477D4C76E8}.Release|Any CPU.Build.0 = Release|Any CPU
		{408C9967-555B-4937-92B5-418F19AF29A1}.Debug|Any CPU.ActiveCfg = Debug|Any CPU
		{408C9967-555B-4937-92B5-418F19AF29A1}.Debug|Any CPU.Build.0 = Debug|Any CPU
		{408C9967-555B-4937-92B5-418F19AF29A1}.Release|Any CPU.ActiveCfg = Release|Any CPU
		{408C9967-555B-4937-92B5-418F19AF29A1}.Release|Any CPU.Build.0 = Release|Any CPU
	EndGlobalSection
	GlobalSection(SolutionProperties) = preSolution
		HideSolutionNode = FALSE
	EndGlobalSection
	GlobalSection(NestedProjects) = preSolution
		{C1E184BD-69FD-4B67-85D7-503137A1E4EB} = {88388BB0-EC31-4F29-8D38-52BF1B853C1C}
		{4028DB9D-FD66-423E-ACB6-F11FD9D1DB33} = {88388BB0-EC31-4F29-8D38-52BF1B853C1C}
		{A0E89547-DE91-445F-9164-352C752D6D74} = {88388BB0-EC31-4F29-8D38-52BF1B853C1C}
		{34ADA78C-04DD-4014-AC6D-82477D4C76E8} = {88388BB0-EC31-4F29-8D38-52BF1B853C1C}
		{408C9967-555B-4937-92B5-418F19AF29A1} = {88388BB0-EC31-4F29-8D38-52BF1B853C1C}
	EndGlobalSection
	GlobalSection(ExtensibilityGlobals) = postSolution
		SolutionGuid = {2D924DD5-0FC1-46BF-9461-1C29C8F313C5}
	EndGlobalSection
EndGlobal
